// !$*UTF8*$!
{
	archiveVersion = 1;
	classes = {
	};
	objectVersion = 46;
	objects = {

/* Begin PBXBuildFile section */
		2708AF471D3AC6F60004926F /* AppDelegate.swift in Sources */ = {isa = PBXBuildFile; fileRef = 2708AF461D3AC6F60004926F /* AppDelegate.swift */; };
		2708AF491D3AC6F60004926F /* ViewController.swift in Sources */ = {isa = PBXBuildFile; fileRef = 2708AF481D3AC6F60004926F /* ViewController.swift */; };
		2708AF4C1D3AC6F60004926F /* Main.storyboard in Resources */ = {isa = PBXBuildFile; fileRef = 2708AF4A1D3AC6F60004926F /* Main.storyboard */; };
		2708AF4E1D3AC6F60004926F /* Assets.xcassets in Resources */ = {isa = PBXBuildFile; fileRef = 2708AF4D1D3AC6F60004926F /* Assets.xcassets */; };
		2708AF511D3AC6F60004926F /* LaunchScreen.storyboard in Resources */ = {isa = PBXBuildFile; fileRef = 2708AF4F1D3AC6F60004926F /* LaunchScreen.storyboard */; };
/* End PBXBuildFile section */

/* Begin PBXFileReference section */
		2708AF431D3AC6F60004926F /* MusicPlayerApp.app */ = {isa = PBXFileReference; explicitFileType = wrapper.application; includeInIndex = 0; path = MusicPlayerApp.app; sourceTree = BUILT_PRODUCTS_DIR; };
		2708AF461D3AC6F60004926F /* AppDelegate.swift */ = {isa = PBXFileReference; lastKnownFileType = sourcecode.swift; path = AppDelegate.swift; sourceTree = "<group>"; };
		2708AF481D3AC6F60004926F /* ViewController.swift */ = {isa = PBXFileReference; lastKnownFileType = sourcecode.swift; path = ViewController.swift; sourceTree = "<group>"; };
		2708AF4B1D3AC6F60004926F /* Base */ = {isa = PBXFileReference; lastKnownFileType = file.storyboard; name = Base; path = Base.lproj/Main.storyboard; sourceTree = "<group>"; };
		2708AF4D1D3AC6F60004926F /* Assets.xcassets */ = {isa = PBXFileReference; lastKnownFileType = folder.assetcatalog; path = Assets.xcassets; sourceTree = "<group>"; };
		2708AF501D3AC6F60004926F /* Base */ = {isa = PBXFileReference; lastKnownFileType = file.storyboard; name = Base; path = Base.lproj/LaunchScreen.storyboard; sourceTree = "<group>"; };
		2708AF521D3AC6F60004926F /* Info.plist */ = {isa = PBXFileReference; lastKnownFileType = text.plist.xml; path = Info.plist; sourceTree = "<group>"; };
/* End PBXFileReference section */

/* Begin PBXFrameworksBuildPhase section */
		2708AF401D3AC6F60004926F /* Frameworks */ = {
			isa = PBXFrameworksBuildPhase;
			buildActionMask = 2147483647;
			files = (
			);
			runOnlyForDeploymentPostprocessing = 0;
		};
/* End PBXFrameworksBuildPhase section */

/* Begin PBXGroup section */
		2708AF3A1D3AC6F60004926F = {
			isa = PBXGroup;
			children = (
				2708AF451D3AC6F60004926F /* MusicPlayerApp */,
				2708AF441D3AC6F60004926F /* Products */,
			);
			sourceTree = "<group>";
		};
		2708AF441D3AC6F60004926F /* Products */ = {
			isa = PBXGroup;
			children = (
				2708AF431D3AC6F60004926F /* MusicPlayerApp.app */,
			);
			name = Products;
			sourceTree = "<group>";
		};
		2708AF451D3AC6F60004926F /* MusicPlayerApp */ = {
			isa = PBXGroup;
			children = (
				2708AF461D3AC6F60004926F /* AppDelegate.swift */,
				2708AF481D3AC6F60004926F /* ViewController.swift */,
				2708AF4A1D3AC6F60004926F /* Main.storyboard */,
				2708AF4D1D3AC6F60004926F /* Assets.xcassets */,
				2708AF4F1D3AC6F60004926F /* LaunchScreen.storyboard */,
				2708AF521D3AC6F60004926F /* Info.plist */,
			);
			path = MusicPlayerApp;
			sourceTree = "<group>";
		};
/* End PBXGroup section */

/* Begin PBXNativeTarget section */
		2708AF421D3AC6F60004926F /* MusicPlayerApp */ = {
			isa = PBXNativeTarget;
			buildConfigurationList = 2708AF551D3AC6F60004926F /* Build configuration list for PBXNativeTarget "MusicPlayerApp" */;
			buildPhases = (
				2708AF3F1D3AC6F60004926F /* Sources */,
				2708AF401D3AC6F60004926F /* Frameworks */,
				2708AF411D3AC6F60004926F /* Resources */,
			);
			buildRules = (
			);
			dependencies = (
			);
			name = MusicPlayerApp;
			productName = MusicPlayerApp;
			productReference = 2708AF431D3AC6F60004926F /* MusicPlayerApp.app */;
			productType = "com.apple.product-type.application";
		};
/* End PBXNativeTarget section */

/* Begin PBXProject section */
		2708AF3B1D3AC6F60004926F /* Project object */ = {
			isa = PBXProject;
			attributes = {
				LastSwiftUpdateCheck = 0730;
				LastUpgradeCheck = 0730;
				ORGANIZATIONNAME = "Frezy Stone Mboumba";
				TargetAttributes = {
					2708AF421D3AC6F60004926F = {
						CreatedOnToolsVersion = 7.3.1;
					};
				};
			};
			buildConfigurationList = 2708AF3E1D3AC6F60004926F /* Build configuration list for PBXProject "MusicPlayerApp" */;
			compatibilityVersion = "Xcode 3.2";
			developmentRegion = English;
			hasScannedForEncodings = 0;
			knownRegions = (
				en,
				Base,
			);
			mainGroup = 2708AF3A1D3AC6F60004926F;
			productRefGroup = 2708AF441D3AC6F60004926F /* Products */;
			projectDirPath = "";
			projectRoot = "";
			targets = (
				2708AF421D3AC6F60004926F /* MusicPlayerApp */,
			);
		};
/* End PBXProject section */

/* Begin PBXResourcesBuildPhase section */
		2708AF411D3AC6F60004926F /* Resources */ = {
			isa = PBXResourcesBuildPhase;
			buildActionMask = 2147483647;
			files = (
				2708AF511D3AC6F60004926F /* LaunchScreen.storyboard in Resources */,
				2708AF4E1D3AC6F60004926F /* Assets.xcassets in Resources */,
				2708AF4C1D3AC6F60004926F /* Main.storyboard in Resources */,
			);
			runOnlyForDeploymentPostprocessing = 0;
		};
/* End PBXResourcesBuildPhase section */

/* Begin PBXSourcesBuildPhase section */
		2708AF3F1D3AC6F60004926F /* Sources */ = {
			isa = PBXSourcesBuildPhase;
			buildActionMask = 2147483647;
			files = (
				2708AF491D3AC6F60004926F /* ViewController.swift in Sources */,
				2708AF471D3AC6F60004926F /* AppDelegate.swift in Sources */,
			);
			runOnlyForDeploymentPostprocessing = 0;
		};
/* End PBXSourcesBuildPhase section */

/* Begin PBXVariantGroup section */
		2708AF4A1D3AC6F60004926F /* Main.storyboard */ = {
			isa = PBXVariantGroup;
			children = (
				2708AF4B1D3AC6F60004926F /* Base */,
			);
			name = Main.storyboard;
			sourceTree = "<group>";
		};
		2708AF4F1D3AC6F60004926F /* LaunchScreen.storyboard */ = {
			isa = PBXVariantGroup;
			children = (
				2708AF501D3AC6F60004926F /* Base */,
			);
			name = LaunchScreen.storyboard;
			sourceTree = "<group>";
		};
/* End PBXVariantGroup section */

/* Begin XCBuildConfiguration section */
		2708AF531D3AC6F60004926F /* Debug */ = {
			isa = XCBuildConfiguration;
			buildSettings = {
				ALWAYS_SEARCH_USER_PATHS = NO;
				CLANG_ANALYZER_NONNULL = YES;
				CLANG_CXX_LANGUAGE_STANDARD = "gnu++0x";
				CLANG_CXX_LIBRARY = "libc++";
				CLANG_ENABLE_MODULES = YES;
				CLANG_ENABLE_OBJC_ARC = YES;
				CLANG_WARN_BOOL_CONVERSION = YES;
				CLANG_WARN_CONSTANT_CONVERSION = YES;
				CLANG_WARN_DIRECT_OBJC_ISA_USAGE = YES_ERROR;
				CLANG_WARN_EMPTY_BODY = YES;
				CLANG_WARN_ENUM_CONVERSION = YES;
				CLANG_WARN_INT_CONVERSION = YES;
				CLANG_WARN_OBJC_ROOT_CLASS = YES_ERROR;
				CLANG_WARN_UNREACHABLE_CODE = YES;
				CLANG_WARN__DUPLICATE_METHOD_MATCH = YES;
				"CODE_SIGN_IDENTITY[sdk=iphoneos*]" = "iPhone Developer";
				COPY_PHASE_STRIP = NO;
				DEBUG_INFORMATION_FORMAT = dwarf;
				ENABLE_STRICT_OBJC_MSGSEND = YES;
				ENABLE_TESTABILITY = YES;
				GCC_C_LANGUAGE_STANDARD = gnu99;
				GCC_DYNAMIC_NO_PIC = NO;
				GCC_NO_COMMON_BLOCKS = YES;
				GCC_OPTIMIZATION_LEVEL = 0;
				GCC_PREPROCESSOR_DEFINITIONS = (
					"DEBUG=1",
					"$(inherited)",
				);
				GCC_WARN_64_TO_32_BIT_CONVERSION = YES;
				GCC_WARN_ABOUT_RETURN_TYPE = YES_ERROR;
				GCC_WARN_UNDECLARED_SELECTOR = YES;
				GCC_WARN_UNINITIALIZED_AUTOS = YES_AGGRESSIVE;
				GCC_WARN_UNUSED_FUNCTION = YES;
				GCC_WARN_UNUSED_VARIABLE = YES;
				IPHONEOS_DEPLOYMENT_TARGET = 9.3;
				MTL_ENABLE_DEBUG_INFO = YES;
				ONLY_ACTIVE_ARCH = YES;
				SDKROOT = iphoneos;
				SWIFT_OPTIMIZATION_LEVEL = "-Onone";
			};
			name = Debug;
		};
		2708AF541D3AC6F60004926F /* Release */ = {
			isa = XCBuildConfiguration;
			buildSettings = {
				ALWAYS_SEARCH_USER_PATHS = NO;
				CLANG_ANALYZER_NONNULL = YES;
				CLANG_CXX_LANGUAGE_STANDARD = "gnu++0x";
				CLANG_CXX_LIBRARY = "libc++";
				CLANG_ENABLE_MODULES = YES;
				CLANG_ENABLE_OBJC_ARC = YES;
				CLANG_WARN_BOOL_CONVERSION = YES;
				CLANG_WARN_CONSTANT_CONVERSION = YES;
				CLANG_WARN_DIRECT_OBJC_ISA_USAGE = YES_ERROR;
				CLANG_WARN_EMPTY_BODY = YES;
				CLANG_WARN_ENUM_CONVERSION = YES;
				CLANG_WARN_INT_CONVERSION = YES;
				CLANG_WARN_OBJC_ROOT_CLASS = YES_ERROR;
				CLANG_WARN_UNREACHABLE_CODE = YES;
				CLANG_WARN__DUPLICATE_METHOD_MATCH = YES;
				"CODE_SIGN_IDENTITY[sdk=iphoneos*]" = "iPhone Developer";
				COPY_PHASE_STRIP = NO;
				DEBUG_INFORMATION_FORMAT = "dwarf-with-dsym";
				ENABLE_NS_ASSERTIONS = NO;
				ENABLE_STRICT_OBJC_MSGSEND = YES;
				GCC_C_LANGUAGE_STANDARD = gnu99;
				GCC_NO_COMMON_BLOCKS = YES;
				GCC_WARN_64_TO_32_BIT_CONVERSION = YES;
				GCC_WARN_ABOUT_RETURN_TYPE = YES_ERROR;
				GCC_WARN_UNDECLARED_SELECTOR = YES;
				GCC_WARN_UNINITIALIZED_AUTOS = YES_AGGRESSIVE;
				GCC_WARN_UNUSED_FUNCTION = YES;
				GCC_WARN_UNUSED_VARIABLE = YES;
				IPHONEOS_DEPLOYMENT_TARGET = 9.3;
				MTL_ENABLE_DEBUG_INFO = NO;
				SDKROOT = iphoneos;
				VALIDATE_PRODUCT = YES;
			};
			name = Release;
		};
		2708AF561D3AC6F60004926F /* Debug */ = {
			isa = XCBuildConfiguration;
			buildSettings = {
				ASSETCATALOG_COMPILER_APPICON_NAME = AppIcon;
				INFOPLIST_FILE = MusicPlayerApp/Info.plist;
				LD_RUNPATH_SEARCH_PATHS = "$(inherited) @executable_path/Frameworks";
				PRODUCT_BUNDLE_IDENTIFIER = com.MaranathApp.MusicPlayerApp;
				PRODUCT_NAME = "$(TARGET_NAME)";
			};
			name = Debug;
		};
		2708AF571D3AC6F60004926F /* Release */ = {
			isa = XCBuildConfiguration;
			buildSettings = {
				ASSETCATALOG_COMPILER_APPICON_NAME = AppIcon;
				INFOPLIST_FILE = MusicPlayerApp/Info.plist;
				LD_RUNPATH_SEARCH_PATHS = "$(inherited) @executable_path/Frameworks";
				PRODUCT_BUNDLE_IDENTIFIER = com.MaranathApp.MusicPlayerApp;
				PRODUCT_NAME = "$(TARGET_NAME)";
			};
			name = Release;
		};
/* End XCBuildConfiguration section */

/* Begin XCConfigurationList section */
		2708AF3E1D3AC6F60004926F /* Build configuration list for PBXProject "MusicPlayerApp" */ = {
			isa = XCConfigurationList;
			buildConfigurations = (
				2708AF531D3AC6F60004926F /* Debug */,
				2708AF541D3AC6F60004926F /* Release */,
			);
			defaultConfigurationIsVisible = 0;
			defaultConfigurationName = Release;
		};
		2708AF551D3AC6F60004926F /* Build configuration list for PBXNativeTarget "MusicPlayerApp" */ = {
			isa = XCConfigurationList;
			buildConfigurations = (
				2708AF561D3AC6F60004926F /* Debug */,
				2708AF571D3AC6F60004926F /* Release */,
			);
			defaultConfigurationIsVisible = 0;
		};
/* End XCConfigurationList section */
	};
	rootObject = 2708AF3B1D3AC6F60004926F /* Project object */;
}
